{
  "name": "ajs_",
  "version": "1.0.0",
  "lockfileVersion": 2,
  "requires": true,
  "packages": {
    "": {
      "name": "ajs_",
      "version": "1.0.0",
      "license": "ISC",
      "dependencies": {
        "@annmartyn/ajs": "^1.0.0"
      }
    },
    "node_modules/@annmartyn/ajs": {
      "version": "1.0.0",
      "resolved": "https://npm.pkg.github.com/download/@annmartyn/ajs/1.0.0/dcf514bb7d7ae0ad25376103f77f3e004f7b83001001063dd5a729465318bbe0",
      "integrity": "sha512-7+fCa1xuETkdO/3epvysh/VoFEAQ9CB9fazxFC9CaR3luY9roeZeyycvB0CGG+bhyg3jZpMI8wy4RKEBK4Rmvw==",
      "license": "ISC"
    }
  },
  "dependencies": {
    "@annmartyn/ajs": {
      "version": "1.0.0",
      "resolved": "https://npm.pkg.github.com/download/@annmartyn/ajs/1.0.0/dcf514bb7d7ae0ad25376103f77f3e004f7b83001001063dd5a729465318bbe0",
      "integrity": "sha512-7+fCa1xuETkdO/3epvysh/VoFEAQ9CB9fazxFC9CaR3luY9roeZeyycvB0CGG+bhyg3jZpMI8wy4RKEBK4Rmvw=="
    }
  }
}
